
Microsoft Visual Studio Solution File, Format Version 12.00
# Visual Studio Version 16
VisualStudioVersion = 16.0.30104.148
MinimumVisualStudioVersion = 10.0.40219.1
Project("{8BC9CEB8-8B4A-11D0-8D11-00A0C91BC942}") = "09052020dz", "09052020dz.vcxproj", "{FDD93040-1132-4A6A-8D75-5A1343A09DDB}"
EndProject
Global
	GlobalSection(SolutionConfigurationPlatforms) = preSolution
		Debug|x64 = Debug|x64
		Debug|x86 = Debug|x86
		Release|x64 = Release|x64
		Release|x86 = Release|x86
	EndGlobalSection
	GlobalSection(ProjectConfigurationPlatforms) = postSolution
		{FDD93040-1132-4A6A-8D75-5A1343A09DDB}.Debug|x64.ActiveCfg = Debug|x64
		{FDD93040-1132-4A6A-8D75-5A1343A09DDB}.Debug|x64.Build.0 = Debug|x64
		{FDD93040-1132-4A6A-8D75-5A1343A09DDB}.Debug|x86.ActiveCfg = Debug|Win32
		{FDD93040-1132-4A6A-8D75-5A1343A09DDB}.Debug|x86.Build.0 = Debug|Win32
		{FDD93040-1132-4A6A-8D75-5A1343A09DDB}.Release|x64.ActiveCfg = Release|x64
		{FDD93040-1132-4A6A-8D75-5A1343A09DDB}.Release|x64.Build.0 = Release|x64
		{FDD93040-1132-4A6A-8D75-5A1343A09DDB}.Release|x86.ActiveCfg = Release|Win32
		{FDD93040-1132-4A6A-8D75-5A1343A09DDB}.Release|x86.Build.0 = Release|Win32
	EndGlobalSection
	GlobalSection(SolutionProperties) = preSolution
		HideSolutionNode = FALSE
	EndGlobalSection
	GlobalSection(ExtensibilityGlobals) = postSolution
		SolutionGuid = {FA617403-9413-4692-A8F1-0BB107EF078E}
	EndGlobalSection
EndGlobal
